
Microsoft Visual Studio Solution File, Format Version 12.00
# Visual Studio Version 16
VisualStudioVersion = 16.0.30907.101
MinimumVisualStudioVersion = 10.0.40219.1
Project("{FAE04EC0-301F-11D3-BF4B-00C04F79EFBC}") = "FileRenamerWPF", "FileRenamerWPF\FileRenamerWPF.csproj", "{C61A5D4F-B5AB-4AD1-AE5E-FE0ABD36FC92}"
EndProject
Global
	GlobalSection(SolutionConfigurationPlatforms) = preSolution
		Debug|Any CPU = Debug|Any CPU
		Release|Any CPU = Release|Any CPU
	EndGlobalSection
	GlobalSection(ProjectConfigurationPlatforms) = postSolution
		{C61A5D4F-B5AB-4AD1-AE5E-FE0ABD36FC92}.Debug|Any CPU.ActiveCfg = Debug|Any CPU
		{C61A5D4F-B5AB-4AD1-AE5E-FE0ABD36FC92}.Debug|Any CPU.Build.0 = Debug|Any CPU
		{C61A5D4F-B5AB-4AD1-AE5E-FE0ABD36FC92}.Release|Any CPU.ActiveCfg = Release|Any CPU
		{C61A5D4F-B5AB-4AD1-AE5E-FE0ABD36FC92}.Release|Any CPU.Build.0 = Release|Any CPU
	EndGlobalSection
	GlobalSection(SolutionProperties) = preSolution
		HideSolutionNode = FALSE
	EndGlobalSection
	GlobalSection(ExtensibilityGlobals) = postSolution
		SolutionGuid = {5ADB8FC8-C7B1-42BE-BC03-AD8A06984D6C}
	EndGlobalSection
EndGlobal
